// !$*UTF8*$!
{
	archiveVersion = 1;
	classes = {
	};
	objectVersion = 56;
	objects = {

/* Begin PBXBuildFile section */
		E0F6A9DF29A4C4E700B7BDE6 /* DesignSystemApp.swift in Sources */ = {isa = PBXBuildFile; fileRef = E0F6A9DE29A4C4E700B7BDE6 /* DesignSystemApp.swift */; };
		E0F6A9E129A4C4E700B7BDE6 /* ContentView.swift in Sources */ = {isa = PBXBuildFile; fileRef = E0F6A9E029A4C4E700B7BDE6 /* ContentView.swift */; };
		E0F6A9E329A4C4E900B7BDE6 /* Assets.xcassets in Resources */ = {isa = PBXBuildFile; fileRef = E0F6A9E229A4C4E900B7BDE6 /* Assets.xcassets */; };
		E0F6A9E629A4C4E900B7BDE6 /* Preview Assets.xcassets in Resources */ = {isa = PBXBuildFile; fileRef = E0F6A9E529A4C4E900B7BDE6 /* Preview Assets.xcassets */; };
		E0F6A9F029A4C4E900B7BDE6 /* DesignSystemTests.swift in Sources */ = {isa = PBXBuildFile; fileRef = E0F6A9EF29A4C4E900B7BDE6 /* DesignSystemTests.swift */; };
		E0F6A9FA29A4C4E900B7BDE6 /* DesignSystemUITests.swift in Sources */ = {isa = PBXBuildFile; fileRef = E0F6A9F929A4C4E900B7BDE6 /* DesignSystemUITests.swift */; };
		E0F6A9FC29A4C4E900B7BDE6 /* DesignSystemUITestsLaunchTests.swift in Sources */ = {isa = PBXBuildFile; fileRef = E0F6A9FB29A4C4E900B7BDE6 /* DesignSystemUITestsLaunchTests.swift */; };
		E0F6AA1229A4C68B00B7BDE6 /* PaletteProtocol.swift in Sources */ = {isa = PBXBuildFile; fileRef = E0F6AA0F29A4C68B00B7BDE6 /* PaletteProtocol.swift */; };
		E0F6AA1329A4C68B00B7BDE6 /* FontguideProtocol.swift in Sources */ = {isa = PBXBuildFile; fileRef = E0F6AA1029A4C68B00B7BDE6 /* FontguideProtocol.swift */; };
		E0F6AA1429A4C68B00B7BDE6 /* LayoutProtocol.swift in Sources */ = {isa = PBXBuildFile; fileRef = E0F6AA1129A4C68B00B7BDE6 /* LayoutProtocol.swift */; };
		E0F6AA1629A4C74500B7BDE6 /* identities.json in Resources */ = {isa = PBXBuildFile; fileRef = E0F6AA1529A4C74500B7BDE6 /* identities.json */; };
		E0F6AA1829A4C9AB00B7BDE6 /* README.md in Resources */ = {isa = PBXBuildFile; fileRef = E0F6AA1729A4C9AA00B7BDE6 /* README.md */; };
		E0F6AA1A29A4D6A000B7BDE6 /* DesignSystemMapper.swift in Sources */ = {isa = PBXBuildFile; fileRef = E0F6AA1929A4D6A000B7BDE6 /* DesignSystemMapper.swift */; };
		E0F6AA1C29A4E68800B7BDE6 /* CompositionRoot.swift in Sources */ = {isa = PBXBuildFile; fileRef = E0F6AA1B29A4E68800B7BDE6 /* CompositionRoot.swift */; };
		E0F6AA1E29A4EC2700B7BDE6 /* DesignIdentity.swift in Sources */ = {isa = PBXBuildFile; fileRef = E0F6AA1D29A4EC2700B7BDE6 /* DesignIdentity.swift */; };
		E0F6AA2029A4F1C200B7BDE6 /* DesignSystemLoader.swift in Sources */ = {isa = PBXBuildFile; fileRef = E0F6AA1F29A4F1C200B7BDE6 /* DesignSystemLoader.swift */; };
		E0F6AA2229A4F2BE00B7BDE6 /* RemoteDesignSystemLoader.swift in Sources */ = {isa = PBXBuildFile; fileRef = E0F6AA2129A4F2BE00B7BDE6 /* RemoteDesignSystemLoader.swift */; };
		E0F6AA2529A4FBA500B7BDE6 /* DefaultPrototypeFontguide.swift in Sources */ = {isa = PBXBuildFile; fileRef = E0F6AA2429A4FBA500B7BDE6 /* DefaultPrototypeFontguide.swift */; };
		E0F6AA2729A4FBC300B7BDE6 /* DefaultPrototypePalette.swift in Sources */ = {isa = PBXBuildFile; fileRef = E0F6AA2629A4FBC300B7BDE6 /* DefaultPrototypePalette.swift */; };
		E0F6AA2B29A8BD7F00B7BDE6 /* RemoteFont.swift in Sources */ = {isa = PBXBuildFile; fileRef = E0F6AA2A29A8BD7F00B7BDE6 /* RemoteFont.swift */; };
		E0F6AA2D29A8BD9300B7BDE6 /* RemotePallete.swift in Sources */ = {isa = PBXBuildFile; fileRef = E0F6AA2C29A8BD9300B7BDE6 /* RemotePallete.swift */; };
		E0F6AA2F29A8E74700B7BDE6 /* HTTPClient.swift in Sources */ = {isa = PBXBuildFile; fileRef = E0F6AA2E29A8E74700B7BDE6 /* HTTPClient.swift */; };
		E0F6AA3129A8E81200B7BDE6 /* ContentViewViewModel.swift in Sources */ = {isa = PBXBuildFile; fileRef = E0F6AA3029A8E81200B7BDE6 /* ContentViewViewModel.swift */; };
/* End PBXBuildFile section */

/* Begin PBXContainerItemProxy section */
		E0F6A9EC29A4C4E900B7BDE6 /* PBXContainerItemProxy */ = {
			isa = PBXContainerItemProxy;
			containerPortal = E0F6A9D329A4C4E700B7BDE6 /* Project object */;
			proxyType = 1;
			remoteGlobalIDString = E0F6A9DA29A4C4E700B7BDE6;
			remoteInfo = DesignSystem;
		};
		E0F6A9F629A4C4E900B7BDE6 /* PBXContainerItemProxy */ = {
			isa = PBXContainerItemProxy;
			containerPortal = E0F6A9D329A4C4E700B7BDE6 /* Project object */;
			proxyType = 1;
			remoteGlobalIDString = E0F6A9DA29A4C4E700B7BDE6;
			remoteInfo = DesignSystem;
		};
/* End PBXContainerItemProxy section */

/* Begin PBXFileReference section */
		E0F6A9DB29A4C4E700B7BDE6 /* DesignSystem.app */ = {isa = PBXFileReference; explicitFileType = wrapper.application; includeInIndex = 0; path = DesignSystem.app; sourceTree = BUILT_PRODUCTS_DIR; };
		E0F6A9DE29A4C4E700B7BDE6 /* DesignSystemApp.swift */ = {isa = PBXFileReference; lastKnownFileType = sourcecode.swift; path = DesignSystemApp.swift; sourceTree = "<group>"; };
		E0F6A9E029A4C4E700B7BDE6 /* ContentView.swift */ = {isa = PBXFileReference; lastKnownFileType = sourcecode.swift; path = ContentView.swift; sourceTree = "<group>"; };
		E0F6A9E229A4C4E900B7BDE6 /* Assets.xcassets */ = {isa = PBXFileReference; lastKnownFileType = folder.assetcatalog; path = Assets.xcassets; sourceTree = "<group>"; };
		E0F6A9E529A4C4E900B7BDE6 /* Preview Assets.xcassets */ = {isa = PBXFileReference; lastKnownFileType = folder.assetcatalog; path = "Preview Assets.xcassets"; sourceTree = "<group>"; };
		E0F6A9EB29A4C4E900B7BDE6 /* DesignSystemTests.xctest */ = {isa = PBXFileReference; explicitFileType = wrapper.cfbundle; includeInIndex = 0; path = DesignSystemTests.xctest; sourceTree = BUILT_PRODUCTS_DIR; };
		E0F6A9EF29A4C4E900B7BDE6 /* DesignSystemTests.swift */ = {isa = PBXFileReference; lastKnownFileType = sourcecode.swift; path = DesignSystemTests.swift; sourceTree = "<group>"; };
		E0F6A9F529A4C4E900B7BDE6 /* DesignSystemUITests.xctest */ = {isa = PBXFileReference; explicitFileType = wrapper.cfbundle; includeInIndex = 0; path = DesignSystemUITests.xctest; sourceTree = BUILT_PRODUCTS_DIR; };
		E0F6A9F929A4C4E900B7BDE6 /* DesignSystemUITests.swift */ = {isa = PBXFileReference; lastKnownFileType = sourcecode.swift; path = DesignSystemUITests.swift; sourceTree = "<group>"; };
		E0F6A9FB29A4C4E900B7BDE6 /* DesignSystemUITestsLaunchTests.swift */ = {isa = PBXFileReference; lastKnownFileType = sourcecode.swift; path = DesignSystemUITestsLaunchTests.swift; sourceTree = "<group>"; };
		E0F6AA0F29A4C68B00B7BDE6 /* PaletteProtocol.swift */ = {isa = PBXFileReference; fileEncoding = 4; lastKnownFileType = sourcecode.swift; path = PaletteProtocol.swift; sourceTree = "<group>"; };
		E0F6AA1029A4C68B00B7BDE6 /* FontguideProtocol.swift */ = {isa = PBXFileReference; fileEncoding = 4; lastKnownFileType = sourcecode.swift; path = FontguideProtocol.swift; sourceTree = "<group>"; };
		E0F6AA1129A4C68B00B7BDE6 /* LayoutProtocol.swift */ = {isa = PBXFileReference; fileEncoding = 4; lastKnownFileType = sourcecode.swift; path = LayoutProtocol.swift; sourceTree = "<group>"; };
		E0F6AA1529A4C74500B7BDE6 /* identities.json */ = {isa = PBXFileReference; fileEncoding = 4; lastKnownFileType = text.json; path = identities.json; sourceTree = "<group>"; };
		E0F6AA1729A4C9AA00B7BDE6 /* README.md */ = {isa = PBXFileReference; fileEncoding = 4; lastKnownFileType = net.daringfireball.markdown; path = README.md; sourceTree = "<group>"; };
		E0F6AA1929A4D6A000B7BDE6 /* DesignSystemMapper.swift */ = {isa = PBXFileReference; lastKnownFileType = sourcecode.swift; path = DesignSystemMapper.swift; sourceTree = "<group>"; };
		E0F6AA1B29A4E68800B7BDE6 /* CompositionRoot.swift */ = {isa = PBXFileReference; lastKnownFileType = sourcecode.swift; path = CompositionRoot.swift; sourceTree = "<group>"; };
		E0F6AA1D29A4EC2700B7BDE6 /* DesignIdentity.swift */ = {isa = PBXFileReference; lastKnownFileType = sourcecode.swift; path = DesignIdentity.swift; sourceTree = "<group>"; };
		E0F6AA1F29A4F1C200B7BDE6 /* DesignSystemLoader.swift */ = {isa = PBXFileReference; lastKnownFileType = sourcecode.swift; path = DesignSystemLoader.swift; sourceTree = "<group>"; };
		E0F6AA2129A4F2BE00B7BDE6 /* RemoteDesignSystemLoader.swift */ = {isa = PBXFileReference; lastKnownFileType = sourcecode.swift; path = RemoteDesignSystemLoader.swift; sourceTree = "<group>"; };
		E0F6AA2429A4FBA500B7BDE6 /* DefaultPrototypeFontguide.swift */ = {isa = PBXFileReference; lastKnownFileType = sourcecode.swift; path = DefaultPrototypeFontguide.swift; sourceTree = "<group>"; };
		E0F6AA2629A4FBC300B7BDE6 /* DefaultPrototypePalette.swift */ = {isa = PBXFileReference; lastKnownFileType = sourcecode.swift; path = DefaultPrototypePalette.swift; sourceTree = "<group>"; };
		E0F6AA2A29A8BD7F00B7BDE6 /* RemoteFont.swift */ = {isa = PBXFileReference; lastKnownFileType = sourcecode.swift; path = RemoteFont.swift; sourceTree = "<group>"; };
		E0F6AA2C29A8BD9300B7BDE6 /* RemotePallete.swift */ = {isa = PBXFileReference; lastKnownFileType = sourcecode.swift; path = RemotePallete.swift; sourceTree = "<group>"; };
		E0F6AA2E29A8E74700B7BDE6 /* HTTPClient.swift */ = {isa = PBXFileReference; lastKnownFileType = sourcecode.swift; path = HTTPClient.swift; sourceTree = "<group>"; };
		E0F6AA3029A8E81200B7BDE6 /* ContentViewViewModel.swift */ = {isa = PBXFileReference; lastKnownFileType = sourcecode.swift; path = ContentViewViewModel.swift; sourceTree = "<group>"; };
/* End PBXFileReference section */

/* Begin PBXFrameworksBuildPhase section */
		E0F6A9D829A4C4E700B7BDE6 /* Frameworks */ = {
			isa = PBXFrameworksBuildPhase;
			buildActionMask = 2147483647;
			files = (
			);
			runOnlyForDeploymentPostprocessing = 0;
		};
		E0F6A9E829A4C4E900B7BDE6 /* Frameworks */ = {
			isa = PBXFrameworksBuildPhase;
			buildActionMask = 2147483647;
			files = (
			);
			runOnlyForDeploymentPostprocessing = 0;
		};
		E0F6A9F229A4C4E900B7BDE6 /* Frameworks */ = {
			isa = PBXFrameworksBuildPhase;
			buildActionMask = 2147483647;
			files = (
			);
			runOnlyForDeploymentPostprocessing = 0;
		};
/* End PBXFrameworksBuildPhase section */

/* Begin PBXGroup section */
		E0F6A9D229A4C4E700B7BDE6 = {
			isa = PBXGroup;
			children = (
				E0F6AA1729A4C9AA00B7BDE6 /* README.md */,
				E0F6A9DE29A4C4E700B7BDE6 /* DesignSystemApp.swift */,
				E0F6A9DD29A4C4E700B7BDE6 /* DesignSystem */,
				E0F6A9EE29A4C4E900B7BDE6 /* DesignSystemTests */,
				E0F6A9F829A4C4E900B7BDE6 /* DesignSystemUITests */,
				E0F6A9DC29A4C4E700B7BDE6 /* Products */,
			);
			sourceTree = "<group>";
		};
		E0F6A9DC29A4C4E700B7BDE6 /* Products */ = {
			isa = PBXGroup;
			children = (
				E0F6A9DB29A4C4E700B7BDE6 /* DesignSystem.app */,
				E0F6A9EB29A4C4E900B7BDE6 /* DesignSystemTests.xctest */,
				E0F6A9F529A4C4E900B7BDE6 /* DesignSystemUITests.xctest */,
			);
			name = Products;
			sourceTree = "<group>";
		};
		E0F6A9DD29A4C4E700B7BDE6 /* DesignSystem */ = {
			isa = PBXGroup;
			children = (
				E0F6AA0829A4C53C00B7BDE6 /* DesignSystemSDKInterface */,
				E0F6AA2829A4FC5C00B7BDE6 /* Identities API */,
				E0F6AA2329A4FB9800B7BDE6 /* Sample Implementation */,
				E0F6A9E229A4C4E900B7BDE6 /* Assets.xcassets */,
				E0F6A9E429A4C4E900B7BDE6 /* Preview Content */,
			);
			path = DesignSystem;
			sourceTree = "<group>";
		};
		E0F6A9E429A4C4E900B7BDE6 /* Preview Content */ = {
			isa = PBXGroup;
			children = (
				E0F6A9E529A4C4E900B7BDE6 /* Preview Assets.xcassets */,
			);
			path = "Preview Content";
			sourceTree = "<group>";
		};
		E0F6A9EE29A4C4E900B7BDE6 /* DesignSystemTests */ = {
			isa = PBXGroup;
			children = (
				E0F6A9EF29A4C4E900B7BDE6 /* DesignSystemTests.swift */,
			);
			path = DesignSystemTests;
			sourceTree = "<group>";
		};
		E0F6A9F829A4C4E900B7BDE6 /* DesignSystemUITests */ = {
			isa = PBXGroup;
			children = (
				E0F6A9F929A4C4E900B7BDE6 /* DesignSystemUITests.swift */,
				E0F6A9FB29A4C4E900B7BDE6 /* DesignSystemUITestsLaunchTests.swift */,
			);
			path = DesignSystemUITests;
			sourceTree = "<group>";
		};
		E0F6AA0829A4C53C00B7BDE6 /* DesignSystemSDKInterface */ = {
			isa = PBXGroup;
			children = (
				E0F6AA1029A4C68B00B7BDE6 /* FontguideProtocol.swift */,
				E0F6AA1129A4C68B00B7BDE6 /* LayoutProtocol.swift */,
				E0F6AA0F29A4C68B00B7BDE6 /* PaletteProtocol.swift */,
				E0F6AA2429A4FBA500B7BDE6 /* DefaultPrototypeFontguide.swift */,
				E0F6AA2629A4FBC300B7BDE6 /* DefaultPrototypePalette.swift */,
			);
			path = DesignSystemSDKInterface;
			sourceTree = "<group>";
		};
		E0F6AA2329A4FB9800B7BDE6 /* Sample Implementation */ = {
			isa = PBXGroup;
			children = (
				E0F6AA1B29A4E68800B7BDE6 /* CompositionRoot.swift */,
				E0F6AA1D29A4EC2700B7BDE6 /* DesignIdentity.swift */,
				E0F6AA3229A8E99600B7BDE6 /* MVVM */,
			);
			path = "Sample Implementation";
			sourceTree = "<group>";
		};
		E0F6AA2829A4FC5C00B7BDE6 /* Identities API */ = {
			isa = PBXGroup;
			children = (
				E0F6AA1529A4C74500B7BDE6 /* identities.json */,
				E0F6AA2929A8BD6B00B7BDE6 /* RemoteModels */,
				E0F6AA2E29A8E74700B7BDE6 /* HTTPClient.swift */,
				E0F6AA1F29A4F1C200B7BDE6 /* DesignSystemLoader.swift */,
				E0F6AA2129A4F2BE00B7BDE6 /* RemoteDesignSystemLoader.swift */,
				E0F6AA1929A4D6A000B7BDE6 /* DesignSystemMapper.swift */,
			);
			path = "Identities API";
			sourceTree = "<group>";
		};
		E0F6AA2929A8BD6B00B7BDE6 /* RemoteModels */ = {
			isa = PBXGroup;
			children = (
				E0F6AA2A29A8BD7F00B7BDE6 /* RemoteFont.swift */,
				E0F6AA2C29A8BD9300B7BDE6 /* RemotePallete.swift */,
			);
			path = RemoteModels;
			sourceTree = "<group>";
		};
		E0F6AA3229A8E99600B7BDE6 /* MVVM */ = {
			isa = PBXGroup;
			children = (
				E0F6AA3729B72C7D00B7BDE6 /* Model */,
				E0F6AA3629A8EA1300B7BDE6 /* ViewModel */,
				E0F6AA3329A8E9EF00B7BDE6 /* View */,
			);
			path = MVVM;
			sourceTree = "<group>";
		};
		E0F6AA3329A8E9EF00B7BDE6 /* View */ = {
			isa = PBXGroup;
			children = (
				E0F6A9E029A4C4E700B7BDE6 /* ContentView.swift */,
			);
			path = View;
			sourceTree = "<group>";
		};
		E0F6AA3629A8EA1300B7BDE6 /* ViewModel */ = {
			isa = PBXGroup;
			children = (
				E0F6AA3029A8E81200B7BDE6 /* ContentViewViewModel.swift */,
			);
			path = ViewModel;
			sourceTree = "<group>";
		};
		E0F6AA3729B72C7D00B7BDE6 /* Model */ = {
			isa = PBXGroup;
			children = (
			);
			path = Model;
			sourceTree = "<group>";
		};
/* End PBXGroup section */

/* Begin PBXNativeTarget section */
		E0F6A9DA29A4C4E700B7BDE6 /* DesignSystem */ = {
			isa = PBXNativeTarget;
			buildConfigurationList = E0F6A9FF29A4C4E900B7BDE6 /* Build configuration list for PBXNativeTarget "DesignSystem" */;
			buildPhases = (
				E0F6A9D729A4C4E700B7BDE6 /* Sources */,
				E0F6A9D829A4C4E700B7BDE6 /* Frameworks */,
				E0F6A9D929A4C4E700B7BDE6 /* Resources */,
			);
			buildRules = (
			);
			dependencies = (
			);
			name = DesignSystem;
			productName = DesignSystem;
			productReference = E0F6A9DB29A4C4E700B7BDE6 /* DesignSystem.app */;
			productType = "com.apple.product-type.application";
		};
		E0F6A9EA29A4C4E900B7BDE6 /* DesignSystemTests */ = {
			isa = PBXNativeTarget;
			buildConfigurationList = E0F6AA0229A4C4E900B7BDE6 /* Build configuration list for PBXNativeTarget "DesignSystemTests" */;
			buildPhases = (
				E0F6A9E729A4C4E900B7BDE6 /* Sources */,
				E0F6A9E829A4C4E900B7BDE6 /* Frameworks */,
				E0F6A9E929A4C4E900B7BDE6 /* Resources */,
			);
			buildRules = (
			);
			dependencies = (
				E0F6A9ED29A4C4E900B7BDE6 /* PBXTargetDependency */,
			);
			name = DesignSystemTests;
			productName = DesignSystemTests;
			productReference = E0F6A9EB29A4C4E900B7BDE6 /* DesignSystemTests.xctest */;
			productType = "com.apple.product-type.bundle.unit-test";
		};
		E0F6A9F429A4C4E900B7BDE6 /* DesignSystemUITests */ = {
			isa = PBXNativeTarget;
			buildConfigurationList = E0F6AA0529A4C4E900B7BDE6 /* Build configuration list for PBXNativeTarget "DesignSystemUITests" */;
			buildPhases = (
				E0F6A9F129A4C4E900B7BDE6 /* Sources */,
				E0F6A9F229A4C4E900B7BDE6 /* Frameworks */,
				E0F6A9F329A4C4E900B7BDE6 /* Resources */,
			);
			buildRules = (
			);
			dependencies = (
				E0F6A9F729A4C4E900B7BDE6 /* PBXTargetDependency */,
			);
			name = DesignSystemUITests;
			productName = DesignSystemUITests;
			productReference = E0F6A9F529A4C4E900B7BDE6 /* DesignSystemUITests.xctest */;
			productType = "com.apple.product-type.bundle.ui-testing";
		};
/* End PBXNativeTarget section */

/* Begin PBXProject section */
		E0F6A9D329A4C4E700B7BDE6 /* Project object */ = {
			isa = PBXProject;
			attributes = {
				BuildIndependentTargetsInParallel = 1;
				LastSwiftUpdateCheck = 1420;
				LastUpgradeCheck = 1420;
				TargetAttributes = {
					E0F6A9DA29A4C4E700B7BDE6 = {
						CreatedOnToolsVersion = 14.2;
					};
					E0F6A9EA29A4C4E900B7BDE6 = {
						CreatedOnToolsVersion = 14.2;
						TestTargetID = E0F6A9DA29A4C4E700B7BDE6;
					};
					E0F6A9F429A4C4E900B7BDE6 = {
						CreatedOnToolsVersion = 14.2;
						TestTargetID = E0F6A9DA29A4C4E700B7BDE6;
					};
				};
			};
			buildConfigurationList = E0F6A9D629A4C4E700B7BDE6 /* Build configuration list for PBXProject "DesignSystem" */;
			compatibilityVersion = "Xcode 14.0";
			developmentRegion = en;
			hasScannedForEncodings = 0;
			knownRegions = (
				en,
				Base,
			);
			mainGroup = E0F6A9D229A4C4E700B7BDE6;
			productRefGroup = E0F6A9DC29A4C4E700B7BDE6 /* Products */;
			projectDirPath = "";
			projectRoot = "";
			targets = (
				E0F6A9DA29A4C4E700B7BDE6 /* DesignSystem */,
				E0F6A9EA29A4C4E900B7BDE6 /* DesignSystemTests */,
				E0F6A9F429A4C4E900B7BDE6 /* DesignSystemUITests */,
			);
		};
/* End PBXProject section */

/* Begin PBXResourcesBuildPhase section */
		E0F6A9D929A4C4E700B7BDE6 /* Resources */ = {
			isa = PBXResourcesBuildPhase;
			buildActionMask = 2147483647;
			files = (
				E0F6A9E629A4C4E900B7BDE6 /* Preview Assets.xcassets in Resources */,
				E0F6AA1629A4C74500B7BDE6 /* identities.json in Resources */,
				E0F6AA1829A4C9AB00B7BDE6 /* README.md in Resources */,
				E0F6A9E329A4C4E900B7BDE6 /* Assets.xcassets in Resources */,
			);
			runOnlyForDeploymentPostprocessing = 0;
		};
		E0F6A9E929A4C4E900B7BDE6 /* Resources */ = {
			isa = PBXResourcesBuildPhase;
			buildActionMask = 2147483647;
			files = (
			);
			runOnlyForDeploymentPostprocessing = 0;
		};
		E0F6A9F329A4C4E900B7BDE6 /* Resources */ = {
			isa = PBXResourcesBuildPhase;
			buildActionMask = 2147483647;
			files = (
			);
			runOnlyForDeploymentPostprocessing = 0;
		};
/* End PBXResourcesBuildPhase section */

/* Begin PBXSourcesBuildPhase section */
		E0F6A9D729A4C4E700B7BDE6 /* Sources */ = {
			isa = PBXSourcesBuildPhase;
			buildActionMask = 2147483647;
			files = (
				E0F6AA1229A4C68B00B7BDE6 /* PaletteProtocol.swift in Sources */,
				E0F6AA2229A4F2BE00B7BDE6 /* RemoteDesignSystemLoader.swift in Sources */,
				E0F6AA2729A4FBC300B7BDE6 /* DefaultPrototypePalette.swift in Sources */,
				E0F6AA2B29A8BD7F00B7BDE6 /* RemoteFont.swift in Sources */,
				E0F6A9E129A4C4E700B7BDE6 /* ContentView.swift in Sources */,
				E0F6AA2D29A8BD9300B7BDE6 /* RemotePallete.swift in Sources */,
				E0F6AA1C29A4E68800B7BDE6 /* CompositionRoot.swift in Sources */,
				E0F6AA3129A8E81200B7BDE6 /* ContentViewViewModel.swift in Sources */,
				E0F6AA1A29A4D6A000B7BDE6 /* DesignSystemMapper.swift in Sources */,
				E0F6AA2029A4F1C200B7BDE6 /* DesignSystemLoader.swift in Sources */,
				E0F6AA2529A4FBA500B7BDE6 /* DefaultPrototypeFontguide.swift in Sources */,
				E0F6AA1E29A4EC2700B7BDE6 /* DesignIdentity.swift in Sources */,
				E0F6AA2F29A8E74700B7BDE6 /* HTTPClient.swift in Sources */,
				E0F6AA1329A4C68B00B7BDE6 /* FontguideProtocol.swift in Sources */,
				E0F6A9DF29A4C4E700B7BDE6 /* DesignSystemApp.swift in Sources */,
				E0F6AA1429A4C68B00B7BDE6 /* LayoutProtocol.swift in Sources */,
			);
			runOnlyForDeploymentPostprocessing = 0;
		};
		E0F6A9E729A4C4E900B7BDE6 /* Sources */ = {
			isa = PBXSourcesBuildPhase;
			buildActionMask = 2147483647;
			files = (
				E0F6A9F029A4C4E900B7BDE6 /* DesignSystemTests.swift in Sources */,
			);
			runOnlyForDeploymentPostprocessing = 0;
		};
		E0F6A9F129A4C4E900B7BDE6 /* Sources */ = {
			isa = PBXSourcesBuildPhase;
			buildActionMask = 2147483647;
			files = (
				E0F6A9FA29A4C4E900B7BDE6 /* DesignSystemUITests.swift in Sources */,
				E0F6A9FC29A4C4E900B7BDE6 /* DesignSystemUITestsLaunchTests.swift in Sources */,
			);
			runOnlyForDeploymentPostprocessing = 0;
		};
/* End PBXSourcesBuildPhase section */

/* Begin PBXTargetDependency section */
		E0F6A9ED29A4C4E900B7BDE6 /* PBXTargetDependency */ = {
			isa = PBXTargetDependency;
			target = E0F6A9DA29A4C4E700B7BDE6 /* DesignSystem */;
			targetProxy = E0F6A9EC29A4C4E900B7BDE6 /* PBXContainerItemProxy */;
		};
		E0F6A9F729A4C4E900B7BDE6 /* PBXTargetDependency */ = {
			isa = PBXTargetDependency;
			target = E0F6A9DA29A4C4E700B7BDE6 /* DesignSystem */;
			targetProxy = E0F6A9F629A4C4E900B7BDE6 /* PBXContainerItemProxy */;
		};
/* End PBXTargetDependency section */

/* Begin XCBuildConfiguration section */
		E0F6A9FD29A4C4E900B7BDE6 /* Debug */ = {
			isa = XCBuildConfiguration;
			buildSettings = {
				ALWAYS_SEARCH_USER_PATHS = NO;
				CLANG_ANALYZER_NONNULL = YES;
				CLANG_ANALYZER_NUMBER_OBJECT_CONVERSION = YES_AGGRESSIVE;
				CLANG_CXX_LANGUAGE_STANDARD = "gnu++20";
				CLANG_ENABLE_MODULES = YES;
				CLANG_ENABLE_OBJC_ARC = YES;
				CLANG_ENABLE_OBJC_WEAK = YES;
				CLANG_WARN_BLOCK_CAPTURE_AUTORELEASING = YES;
				CLANG_WARN_BOOL_CONVERSION = YES;
				CLANG_WARN_COMMA = YES;
				CLANG_WARN_CONSTANT_CONVERSION = YES;
				CLANG_WARN_DEPRECATED_OBJC_IMPLEMENTATIONS = YES;
				CLANG_WARN_DIRECT_OBJC_ISA_USAGE = YES_ERROR;
				CLANG_WARN_DOCUMENTATION_COMMENTS = YES;
				CLANG_WARN_EMPTY_BODY = YES;
				CLANG_WARN_ENUM_CONVERSION = YES;
				CLANG_WARN_INFINITE_RECURSION = YES;
				CLANG_WARN_INT_CONVERSION = YES;
				CLANG_WARN_NON_LITERAL_NULL_CONVERSION = YES;
				CLANG_WARN_OBJC_IMPLICIT_RETAIN_SELF = YES;
				CLANG_WARN_OBJC_LITERAL_CONVERSION = YES;
				CLANG_WARN_OBJC_ROOT_CLASS = YES_ERROR;
				CLANG_WARN_QUOTED_INCLUDE_IN_FRAMEWORK_HEADER = YES;
				CLANG_WARN_RANGE_LOOP_ANALYSIS = YES;
				CLANG_WARN_STRICT_PROTOTYPES = YES;
				CLANG_WARN_SUSPICIOUS_MOVE = YES;
				CLANG_WARN_UNGUARDED_AVAILABILITY = YES_AGGRESSIVE;
				CLANG_WARN_UNREACHABLE_CODE = YES;
				CLANG_WARN__DUPLICATE_METHOD_MATCH = YES;
				COPY_PHASE_STRIP = NO;
				DEBUG_INFORMATION_FORMAT = dwarf;
				ENABLE_STRICT_OBJC_MSGSEND = YES;
				ENABLE_TESTABILITY = YES;
				GCC_C_LANGUAGE_STANDARD = gnu11;
				GCC_DYNAMIC_NO_PIC = NO;
				GCC_NO_COMMON_BLOCKS = YES;
				GCC_OPTIMIZATION_LEVEL = 0;
				GCC_PREPROCESSOR_DEFINITIONS = (
					"DEBUG=1",
					"$(inherited)",
				);
				GCC_WARN_64_TO_32_BIT_CONVERSION = YES;
				GCC_WARN_ABOUT_RETURN_TYPE = YES_ERROR;
				GCC_WARN_UNDECLARED_SELECTOR = YES;
				GCC_WARN_UNINITIALIZED_AUTOS = YES_AGGRESSIVE;
				GCC_WARN_UNUSED_FUNCTION = YES;
				GCC_WARN_UNUSED_VARIABLE = YES;
				IPHONEOS_DEPLOYMENT_TARGET = 16.2;
				MTL_ENABLE_DEBUG_INFO = INCLUDE_SOURCE;
				MTL_FAST_MATH = YES;
				ONLY_ACTIVE_ARCH = YES;
				SDKROOT = iphoneos;
				SWIFT_ACTIVE_COMPILATION_CONDITIONS = DEBUG;
				SWIFT_OPTIMIZATION_LEVEL = "-Onone";
			};
			name = Debug;
		};
		E0F6A9FE29A4C4E900B7BDE6 /* Release */ = {
			isa = XCBuildConfiguration;
			buildSettings = {
				ALWAYS_SEARCH_USER_PATHS = NO;
				CLANG_ANALYZER_NONNULL = YES;
				CLANG_ANALYZER_NUMBER_OBJECT_CONVERSION = YES_AGGRESSIVE;
				CLANG_CXX_LANGUAGE_STANDARD = "gnu++20";
				CLANG_ENABLE_MODULES = YES;
				CLANG_ENABLE_OBJC_ARC = YES;
				CLANG_ENABLE_OBJC_WEAK = YES;
				CLANG_WARN_BLOCK_CAPTURE_AUTORELEASING = YES;
				CLANG_WARN_BOOL_CONVERSION = YES;
				CLANG_WARN_COMMA = YES;
				CLANG_WARN_CONSTANT_CONVERSION = YES;
				CLANG_WARN_DEPRECATED_OBJC_IMPLEMENTATIONS = YES;
				CLANG_WARN_DIRECT_OBJC_ISA_USAGE = YES_ERROR;
				CLANG_WARN_DOCUMENTATION_COMMENTS = YES;
				CLANG_WARN_EMPTY_BODY = YES;
				CLANG_WARN_ENUM_CONVERSION = YES;
				CLANG_WARN_INFINITE_RECURSION = YES;
				CLANG_WARN_INT_CONVERSION = YES;
				CLANG_WARN_NON_LITERAL_NULL_CONVERSION = YES;
				CLANG_WARN_OBJC_IMPLICIT_RETAIN_SELF = YES;
				CLANG_WARN_OBJC_LITERAL_CONVERSION = YES;
				CLANG_WARN_OBJC_ROOT_CLASS = YES_ERROR;
				CLANG_WARN_QUOTED_INCLUDE_IN_FRAMEWORK_HEADER = YES;
				CLANG_WARN_RANGE_LOOP_ANALYSIS = YES;
				CLANG_WARN_STRICT_PROTOTYPES = YES;
				CLANG_WARN_SUSPICIOUS_MOVE = YES;
				CLANG_WARN_UNGUARDED_AVAILABILITY = YES_AGGRESSIVE;
				CLANG_WARN_UNREACHABLE_CODE = YES;
				CLANG_WARN__DUPLICATE_METHOD_MATCH = YES;
				COPY_PHASE_STRIP = NO;
				DEBUG_INFORMATION_FORMAT = "dwarf-with-dsym";
				ENABLE_NS_ASSERTIONS = NO;
				ENABLE_STRICT_OBJC_MSGSEND = YES;
				GCC_C_LANGUAGE_STANDARD = gnu11;
				GCC_NO_COMMON_BLOCKS = YES;
				GCC_WARN_64_TO_32_BIT_CONVERSION = YES;
				GCC_WARN_ABOUT_RETURN_TYPE = YES_ERROR;
				GCC_WARN_UNDECLARED_SELECTOR = YES;
				GCC_WARN_UNINITIALIZED_AUTOS = YES_AGGRESSIVE;
				GCC_WARN_UNUSED_FUNCTION = YES;
				GCC_WARN_UNUSED_VARIABLE = YES;
				IPHONEOS_DEPLOYMENT_TARGET = 16.2;
				MTL_ENABLE_DEBUG_INFO = NO;
				MTL_FAST_MATH = YES;
				SDKROOT = iphoneos;
				SWIFT_COMPILATION_MODE = wholemodule;
				SWIFT_OPTIMIZATION_LEVEL = "-O";
				VALIDATE_PRODUCT = YES;
			};
			name = Release;
		};
		E0F6AA0029A4C4E900B7BDE6 /* Debug */ = {
			isa = XCBuildConfiguration;
			buildSettings = {
				ASSETCATALOG_COMPILER_APPICON_NAME = AppIcon;
				ASSETCATALOG_COMPILER_GLOBAL_ACCENT_COLOR_NAME = AccentColor;
				CODE_SIGN_STYLE = Automatic;
				CURRENT_PROJECT_VERSION = 1;
				DEVELOPMENT_ASSET_PATHS = "\"DesignSystem/Preview Content\"";
				ENABLE_PREVIEWS = YES;
				GENERATE_INFOPLIST_FILE = YES;
				INFOPLIST_KEY_UIApplicationSceneManifest_Generation = YES;
				INFOPLIST_KEY_UIApplicationSupportsIndirectInputEvents = YES;
				INFOPLIST_KEY_UILaunchScreen_Generation = YES;
				INFOPLIST_KEY_UISupportedInterfaceOrientations_iPad = "UIInterfaceOrientationPortrait UIInterfaceOrientationPortraitUpsideDown UIInterfaceOrientationLandscapeLeft UIInterfaceOrientationLandscapeRight";
				INFOPLIST_KEY_UISupportedInterfaceOrientations_iPhone = "UIInterfaceOrientationPortrait UIInterfaceOrientationLandscapeLeft UIInterfaceOrientationLandscapeRight";
				LD_RUNPATH_SEARCH_PATHS = (
					"$(inherited)",
					"@executable_path/Frameworks",
				);
				MARKETING_VERSION = 1.0;
				PRODUCT_BUNDLE_IDENTIFIER = ah.DesignSystem;
				PRODUCT_NAME = "$(TARGET_NAME)";
				SWIFT_EMIT_LOC_STRINGS = YES;
				SWIFT_VERSION = 5.0;
				TARGETED_DEVICE_FAMILY = "1,2";
			};
			name = Debug;
		};
		E0F6AA0129A4C4E900B7BDE6 /* Release */ = {
			isa = XCBuildConfiguration;
			buildSettings = {
				ASSETCATALOG_COMPILER_APPICON_NAME = AppIcon;
				ASSETCATALOG_COMPILER_GLOBAL_ACCENT_COLOR_NAME = AccentColor;
				CODE_SIGN_STYLE = Automatic;
				CURRENT_PROJECT_VERSION = 1;
				DEVELOPMENT_ASSET_PATHS = "\"DesignSystem/Preview Content\"";
				ENABLE_PREVIEWS = YES;
				GENERATE_INFOPLIST_FILE = YES;
				INFOPLIST_KEY_UIApplicationSceneManifest_Generation = YES;
				INFOPLIST_KEY_UIApplicationSupportsIndirectInputEvents = YES;
				INFOPLIST_KEY_UILaunchScreen_Generation = YES;
				INFOPLIST_KEY_UISupportedInterfaceOrientations_iPad = "UIInterfaceOrientationPortrait UIInterfaceOrientationPortraitUpsideDown UIInterfaceOrientationLandscapeLeft UIInterfaceOrientationLandscapeRight";
				INFOPLIST_KEY_UISupportedInterfaceOrientations_iPhone = "UIInterfaceOrientationPortrait UIInterfaceOrientationLandscapeLeft UIInterfaceOrientationLandscapeRight";
				LD_RUNPATH_SEARCH_PATHS = (
					"$(inherited)",
					"@executable_path/Frameworks",
				);
				MARKETING_VERSION = 1.0;
				PRODUCT_BUNDLE_IDENTIFIER = ah.DesignSystem;
				PRODUCT_NAME = "$(TARGET_NAME)";
				SWIFT_EMIT_LOC_STRINGS = YES;
				SWIFT_VERSION = 5.0;
				TARGETED_DEVICE_FAMILY = "1,2";
			};
			name = Release;
		};
		E0F6AA0329A4C4E900B7BDE6 /* Debug */ = {
			isa = XCBuildConfiguration;
			buildSettings = {
				ALWAYS_EMBED_SWIFT_STANDARD_LIBRARIES = YES;
				BUNDLE_LOADER = "$(TEST_HOST)";
				CODE_SIGN_STYLE = Automatic;
				CURRENT_PROJECT_VERSION = 1;
				GENERATE_INFOPLIST_FILE = YES;
				IPHONEOS_DEPLOYMENT_TARGET = 16.2;
				MARKETING_VERSION = 1.0;
				PRODUCT_BUNDLE_IDENTIFIER = ah.DesignSystemTests;
				PRODUCT_NAME = "$(TARGET_NAME)";
				SWIFT_EMIT_LOC_STRINGS = NO;
				SWIFT_VERSION = 5.0;
				TARGETED_DEVICE_FAMILY = "1,2";
				TEST_HOST = "$(BUILT_PRODUCTS_DIR)/DesignSystem.app/$(BUNDLE_EXECUTABLE_FOLDER_PATH)/DesignSystem";
			};
			name = Debug;
		};
		E0F6AA0429A4C4E900B7BDE6 /* Release */ = {
			isa = XCBuildConfiguration;
			buildSettings = {
				ALWAYS_EMBED_SWIFT_STANDARD_LIBRARIES = YES;
				BUNDLE_LOADER = "$(TEST_HOST)";
				CODE_SIGN_STYLE = Automatic;
				CURRENT_PROJECT_VERSION = 1;
				GENERATE_INFOPLIST_FILE = YES;
				IPHONEOS_DEPLOYMENT_TARGET = 16.2;
				MARKETING_VERSION = 1.0;
				PRODUCT_BUNDLE_IDENTIFIER = ah.DesignSystemTests;
				PRODUCT_NAME = "$(TARGET_NAME)";
				SWIFT_EMIT_LOC_STRINGS = NO;
				SWIFT_VERSION = 5.0;
				TARGETED_DEVICE_FAMILY = "1,2";
				TEST_HOST = "$(BUILT_PRODUCTS_DIR)/DesignSystem.app/$(BUNDLE_EXECUTABLE_FOLDER_PATH)/DesignSystem";
			};
			name = Release;
		};
		E0F6AA0629A4C4E900B7BDE6 /* Debug */ = {
			isa = XCBuildConfiguration;
			buildSettings = {
				ALWAYS_EMBED_SWIFT_STANDARD_LIBRARIES = YES;
				CODE_SIGN_STYLE = Automatic;
				CURRENT_PROJECT_VERSION = 1;
				GENERATE_INFOPLIST_FILE = YES;
				MARKETING_VERSION = 1.0;
				PRODUCT_BUNDLE_IDENTIFIER = ah.DesignSystemUITests;
				PRODUCT_NAME = "$(TARGET_NAME)";
				SWIFT_EMIT_LOC_STRINGS = NO;
				SWIFT_VERSION = 5.0;
				TARGETED_DEVICE_FAMILY = "1,2";
				TEST_TARGET_NAME = DesignSystem;
			};
			name = Debug;
		};
		E0F6AA0729A4C4E900B7BDE6 /* Release */ = {
			isa = XCBuildConfiguration;
			buildSettings = {
				ALWAYS_EMBED_SWIFT_STANDARD_LIBRARIES = YES;
				CODE_SIGN_STYLE = Automatic;
				CURRENT_PROJECT_VERSION = 1;
				GENERATE_INFOPLIST_FILE = YES;
				MARKETING_VERSION = 1.0;
				PRODUCT_BUNDLE_IDENTIFIER = ah.DesignSystemUITests;
				PRODUCT_NAME = "$(TARGET_NAME)";
				SWIFT_EMIT_LOC_STRINGS = NO;
				SWIFT_VERSION = 5.0;
				TARGETED_DEVICE_FAMILY = "1,2";
				TEST_TARGET_NAME = DesignSystem;
			};
			name = Release;
		};
/* End XCBuildConfiguration section */

/* Begin XCConfigurationList section */
		E0F6A9D629A4C4E700B7BDE6 /* Build configuration list for PBXProject "DesignSystem" */ = {
			isa = XCConfigurationList;
			buildConfigurations = (
				E0F6A9FD29A4C4E900B7BDE6 /* Debug */,
				E0F6A9FE29A4C4E900B7BDE6 /* Release */,
			);
			defaultConfigurationIsVisible = 0;
			defaultConfigurationName = Release;
		};
		E0F6A9FF29A4C4E900B7BDE6 /* Build configuration list for PBXNativeTarget "DesignSystem" */ = {
			isa = XCConfigurationList;
			buildConfigurations = (
				E0F6AA0029A4C4E900B7BDE6 /* Debug */,
				E0F6AA0129A4C4E900B7BDE6 /* Release */,
			);
			defaultConfigurationIsVisible = 0;
			defaultConfigurationName = Release;
		};
		E0F6AA0229A4C4E900B7BDE6 /* Build configuration list for PBXNativeTarget "DesignSystemTests" */ = {
			isa = XCConfigurationList;
			buildConfigurations = (
				E0F6AA0329A4C4E900B7BDE6 /* Debug */,
				E0F6AA0429A4C4E900B7BDE6 /* Release */,
			);
			defaultConfigurationIsVisible = 0;
			defaultConfigurationName = Release;
		};
		E0F6AA0529A4C4E900B7BDE6 /* Build configuration list for PBXNativeTarget "DesignSystemUITests" */ = {
			isa = XCConfigurationList;
			buildConfigurations = (
				E0F6AA0629A4C4E900B7BDE6 /* Debug */,
				E0F6AA0729A4C4E900B7BDE6 /* Release */,
			);
			defaultConfigurationIsVisible = 0;
			defaultConfigurationName = Release;
		};
/* End XCConfigurationList section */
	};
	rootObject = E0F6A9D329A4C4E700B7BDE6 /* Project object */;
}
